
Microsoft Visual Studio Solution File, Format Version 12.00
# Visual Studio Version 17
VisualStudioVersion = 17.7.34024.191
MinimumVisualStudioVersion = 10.0.40219.1
Project("{FAE04EC0-301F-11D3-BF4B-00C04F79EFBC}") = "CuentaBancaria", "CuentaBancaria\CuentaBancaria.csproj", "{16B97708-4B67-4081-922E-0A5E2848A0A8}"
EndProject
Project("{FAE04EC0-301F-11D3-BF4B-00C04F79EFBC}") = "Empleado", "Empleado\Empleado.csproj", "{F4A4950C-F2A3-4DAD-97B2-D203B8E36CB0}"
EndProject
Project("{FAE04EC0-301F-11D3-BF4B-00C04F79EFBC}") = "Vector3DForm", "Vector3DForm\Vector3DForm.csproj", "{91E074FA-046A-4E42-8526-9E72D105862B}"
EndProject
Global
	GlobalSection(SolutionConfigurationPlatforms) = preSolution
		Debug|Any CPU = Debug|Any CPU
		Release|Any CPU = Release|Any CPU
	EndGlobalSection
	GlobalSection(ProjectConfigurationPlatforms) = postSolution
		{16B97708-4B67-4081-922E-0A5E2848A0A8}.Debug|Any CPU.ActiveCfg = Debug|Any CPU
		{16B97708-4B67-4081-922E-0A5E2848A0A8}.Debug|Any CPU.Build.0 = Debug|Any CPU
		{16B97708-4B67-4081-922E-0A5E2848A0A8}.Release|Any CPU.ActiveCfg = Release|Any CPU
		{16B97708-4B67-4081-922E-0A5E2848A0A8}.Release|Any CPU.Build.0 = Release|Any CPU
		{F4A4950C-F2A3-4DAD-97B2-D203B8E36CB0}.Debug|Any CPU.ActiveCfg = Debug|Any CPU
		{F4A4950C-F2A3-4DAD-97B2-D203B8E36CB0}.Debug|Any CPU.Build.0 = Debug|Any CPU
		{F4A4950C-F2A3-4DAD-97B2-D203B8E36CB0}.Release|Any CPU.ActiveCfg = Release|Any CPU
		{F4A4950C-F2A3-4DAD-97B2-D203B8E36CB0}.Release|Any CPU.Build.0 = Release|Any CPU
		{91E074FA-046A-4E42-8526-9E72D105862B}.Debug|Any CPU.ActiveCfg = Debug|Any CPU
		{91E074FA-046A-4E42-8526-9E72D105862B}.Debug|Any CPU.Build.0 = Debug|Any CPU
		{91E074FA-046A-4E42-8526-9E72D105862B}.Release|Any CPU.ActiveCfg = Release|Any CPU
		{91E074FA-046A-4E42-8526-9E72D105862B}.Release|Any CPU.Build.0 = Release|Any CPU
	EndGlobalSection
	GlobalSection(SolutionProperties) = preSolution
		HideSolutionNode = FALSE
	EndGlobalSection
	GlobalSection(ExtensibilityGlobals) = postSolution
		SolutionGuid = {62E680AD-ECB6-469A-8A25-7B1C4A0A5EED}
	EndGlobalSection
EndGlobal
